// !$*UTF8*$!
{
	archiveVersion = 1;
	classes = {
	};
	objectVersion = 46;
	objects = {

/* Begin PBXBuildFile section */
		1FA354271EA3DCAB008C6958 /* AppDelegate.swift in Sources */ = {isa = PBXBuildFile; fileRef = 1FA354261EA3DCAB008C6958 /* AppDelegate.swift */; };
		1FA354291EA3DCAB008C6958 /* ViewController.swift in Sources */ = {isa = PBXBuildFile; fileRef = 1FA354281EA3DCAB008C6958 /* ViewController.swift */; };
		1FA3542B1EA3DCAB008C6958 /* Assets.xcassets in Resources */ = {isa = PBXBuildFile; fileRef = 1FA3542A1EA3DCAB008C6958 /* Assets.xcassets */; };
		1FA3542E1EA3DCAB008C6958 /* Main.storyboard in Resources */ = {isa = PBXBuildFile; fileRef = 1FA3542C1EA3DCAB008C6958 /* Main.storyboard */; };
		1FA354361EA44051008C6958 /* marble.jpg in Resources */ = {isa = PBXBuildFile; fileRef = 1FA354351EA44051008C6958 /* marble.jpg */; };
		1FA354381EA4571C008C6958 /* LifeTracker.swift in Sources */ = {isa = PBXBuildFile; fileRef = 1FA354371EA4571C008C6958 /* LifeTracker.swift */; };
		1FA3543A1EA45975008C6958 /* Shaders.metal in Sources */ = {isa = PBXBuildFile; fileRef = 1FA354391EA45975008C6958 /* Shaders.metal */; };
/* End PBXBuildFile section */

/* Begin PBXFileReference section */
		1FA354231EA3DCAB008C6958 /* OthelloLife.app */ = {isa = PBXFileReference; explicitFileType = wrapper.application; includeInIndex = 0; path = OthelloLife.app; sourceTree = BUILT_PRODUCTS_DIR; };
		1FA354261EA3DCAB008C6958 /* AppDelegate.swift */ = {isa = PBXFileReference; lastKnownFileType = sourcecode.swift; path = AppDelegate.swift; sourceTree = "<group>"; };
		1FA354281EA3DCAB008C6958 /* ViewController.swift */ = {isa = PBXFileReference; lastKnownFileType = sourcecode.swift; path = ViewController.swift; sourceTree = "<group>"; };
		1FA3542A1EA3DCAB008C6958 /* Assets.xcassets */ = {isa = PBXFileReference; lastKnownFileType = folder.assetcatalog; path = Assets.xcassets; sourceTree = "<group>"; };
		1FA3542D1EA3DCAB008C6958 /* Base */ = {isa = PBXFileReference; lastKnownFileType = file.storyboard; name = Base; path = Base.lproj/Main.storyboard; sourceTree = "<group>"; };
		1FA3542F1EA3DCAB008C6958 /* Info.plist */ = {isa = PBXFileReference; lastKnownFileType = text.plist.xml; path = Info.plist; sourceTree = "<group>"; };
		1FA354351EA44051008C6958 /* marble.jpg */ = {isa = PBXFileReference; lastKnownFileType = image.jpeg; path = marble.jpg; sourceTree = "<group>"; };
		1FA354371EA4571C008C6958 /* LifeTracker.swift */ = {isa = PBXFileReference; fileEncoding = 4; lastKnownFileType = sourcecode.swift; path = LifeTracker.swift; sourceTree = "<group>"; };
		1FA354391EA45975008C6958 /* Shaders.metal */ = {isa = PBXFileReference; fileEncoding = 4; lastKnownFileType = sourcecode.metal; path = Shaders.metal; sourceTree = "<group>"; };
/* End PBXFileReference section */

/* Begin PBXFrameworksBuildPhase section */
		1FA354201EA3DCAB008C6958 /* Frameworks */ = {
			isa = PBXFrameworksBuildPhase;
			buildActionMask = 2147483647;
			files = (
			);
			runOnlyForDeploymentPostprocessing = 0;
		};
/* End PBXFrameworksBuildPhase section */

/* Begin PBXGroup section */
		1FA3541A1EA3DCAB008C6958 = {
			isa = PBXGroup;
			children = (
				1FA354251EA3DCAB008C6958 /* OthelloLife */,
				1FA354241EA3DCAB008C6958 /* Products */,
			);
			sourceTree = "<group>";
		};
		1FA354241EA3DCAB008C6958 /* Products */ = {
			isa = PBXGroup;
			children = (
				1FA354231EA3DCAB008C6958 /* OthelloLife.app */,
			);
			name = Products;
			sourceTree = "<group>";
		};
		1FA354251EA3DCAB008C6958 /* OthelloLife */ = {
			isa = PBXGroup;
			children = (
				1FA354261EA3DCAB008C6958 /* AppDelegate.swift */,
				1FA354281EA3DCAB008C6958 /* ViewController.swift */,
				1FA3542A1EA3DCAB008C6958 /* Assets.xcassets */,
				1FA3542C1EA3DCAB008C6958 /* Main.storyboard */,
				1FA3542F1EA3DCAB008C6958 /* Info.plist */,
				1FA354351EA44051008C6958 /* marble.jpg */,
				1FA354371EA4571C008C6958 /* LifeTracker.swift */,
				1FA354391EA45975008C6958 /* Shaders.metal */,
			);
			path = OthelloLife;
			sourceTree = "<group>";
		};
/* End PBXGroup section */

/* Begin PBXNativeTarget section */
		1FA354221EA3DCAB008C6958 /* OthelloLife */ = {
			isa = PBXNativeTarget;
			buildConfigurationList = 1FA354321EA3DCAB008C6958 /* Build configuration list for PBXNativeTarget "OthelloLife" */;
			buildPhases = (
				1FA3541F1EA3DCAB008C6958 /* Sources */,
				1FA354201EA3DCAB008C6958 /* Frameworks */,
				1FA354211EA3DCAB008C6958 /* Resources */,
			);
			buildRules = (
			);
			dependencies = (
			);
			name = OthelloLife;
			productName = OthelloLife;
			productReference = 1FA354231EA3DCAB008C6958 /* OthelloLife.app */;
			productType = "com.apple.product-type.application";
		};
/* End PBXNativeTarget section */

/* Begin PBXProject section */
		1FA3541B1EA3DCAB008C6958 /* Project object */ = {
			isa = PBXProject;
			attributes = {
				LastSwiftUpdateCheck = 0830;
				LastUpgradeCheck = 0830;
				ORGANIZATIONNAME = "HyperJeff, Inc";
				TargetAttributes = {
					1FA354221EA3DCAB008C6958 = {
						CreatedOnToolsVersion = 8.3.1;
						DevelopmentTeam = VC3N99VQDC;
						ProvisioningStyle = Automatic;
					};
				};
			};
			buildConfigurationList = 1FA3541E1EA3DCAB008C6958 /* Build configuration list for PBXProject "OthelloLife" */;
			compatibilityVersion = "Xcode 3.2";
			developmentRegion = English;
			hasScannedForEncodings = 0;
			knownRegions = (
				en,
				Base,
			);
			mainGroup = 1FA3541A1EA3DCAB008C6958;
			productRefGroup = 1FA354241EA3DCAB008C6958 /* Products */;
			projectDirPath = "";
			projectRoot = "";
			targets = (
				1FA354221EA3DCAB008C6958 /* OthelloLife */,
			);
		};
/* End PBXProject section */

/* Begin PBXResourcesBuildPhase section */
		1FA354211EA3DCAB008C6958 /* Resources */ = {
			isa = PBXResourcesBuildPhase;
			buildActionMask = 2147483647;
			files = (
				1FA354361EA44051008C6958 /* marble.jpg in Resources */,
				1FA3542B1EA3DCAB008C6958 /* Assets.xcassets in Resources */,
				1FA3542E1EA3DCAB008C6958 /* Main.storyboard in Resources */,
			);
			runOnlyForDeploymentPostprocessing = 0;
		};
/* End PBXResourcesBuildPhase section */

/* Begin PBXSourcesBuildPhase section */
		1FA3541F1EA3DCAB008C6958 /* Sources */ = {
			isa = PBXSourcesBuildPhase;
			buildActionMask = 2147483647;
			files = (
				1FA3543A1EA45975008C6958 /* Shaders.metal in Sources */,
				1FA354291EA3DCAB008C6958 /* ViewController.swift in Sources */,
				1FA354381EA4571C008C6958 /* LifeTracker.swift in Sources */,
				1FA354271EA3DCAB008C6958 /* AppDelegate.swift in Sources */,
			);
			runOnlyForDeploymentPostprocessing = 0;
		};
/* End PBXSourcesBuildPhase section */

/* Begin PBXVariantGroup section */
		1FA3542C1EA3DCAB008C6958 /* Main.storyboard */ = {
			isa = PBXVariantGroup;
			children = (
				1FA3542D1EA3DCAB008C6958 /* Base */,
			);
			name = Main.storyboard;
			sourceTree = "<group>";
		};
/* End PBXVariantGroup section */

/* Begin XCBuildConfiguration section */
		1FA354301EA3DCAB008C6958 /* Debug */ = {
			isa = XCBuildConfiguration;
			buildSettings = {
				ALWAYS_SEARCH_USER_PATHS = NO;
				CLANG_ANALYZER_NONNULL = YES;
				CLANG_ANALYZER_NUMBER_OBJECT_CONVERSION = YES_AGGRESSIVE;
				CLANG_CXX_LANGUAGE_STANDARD = "gnu++0x";
				CLANG_CXX_LIBRARY = "libc++";
				CLANG_ENABLE_MODULES = YES;
				CLANG_ENABLE_OBJC_ARC = YES;
				CLANG_WARN_BOOL_CONVERSION = YES;
				CLANG_WARN_CONSTANT_CONVERSION = YES;
				CLANG_WARN_DIRECT_OBJC_ISA_USAGE = YES_ERROR;
				CLANG_WARN_DOCUMENTATION_COMMENTS = YES;
				CLANG_WARN_EMPTY_BODY = YES;
				CLANG_WARN_ENUM_CONVERSION = YES;
				CLANG_WARN_INFINITE_RECURSION = YES;
				CLANG_WARN_INT_CONVERSION = YES;
				CLANG_WARN_OBJC_ROOT_CLASS = YES_ERROR;
				CLANG_WARN_SUSPICIOUS_MOVE = YES;
				CLANG_WARN_UNREACHABLE_CODE = YES;
				CLANG_WARN__DUPLICATE_METHOD_MATCH = YES;
				CODE_SIGN_IDENTITY = "-";
				COPY_PHASE_STRIP = NO;
				DEBUG_INFORMATION_FORMAT = dwarf;
				ENABLE_STRICT_OBJC_MSGSEND = YES;
				ENABLE_TESTABILITY = YES;
				GCC_C_LANGUAGE_STANDARD = gnu99;
				GCC_DYNAMIC_NO_PIC = NO;
				GCC_NO_COMMON_BLOCKS = YES;
				GCC_OPTIMIZATION_LEVEL = 0;
				GCC_PREPROCESSOR_DEFINITIONS = (
					"DEBUG=1",
					"$(inherited)",
				);
				GCC_WARN_64_TO_32_BIT_CONVERSION = YES;
				GCC_WARN_ABOUT_RETURN_TYPE = YES_ERROR;
				GCC_WARN_UNDECLARED_SELECTOR = YES;
				GCC_WARN_UNINITIALIZED_AUTOS = YES_AGGRESSIVE;
				GCC_WARN_UNUSED_FUNCTION = YES;
				GCC_WARN_UNUSED_VARIABLE = YES;
				MACOSX_DEPLOYMENT_TARGET = 10.12;
				MTL_ENABLE_DEBUG_INFO = YES;
				ONLY_ACTIVE_ARCH = YES;
				SDKROOT = macosx;
				SWIFT_ACTIVE_COMPILATION_CONDITIONS = DEBUG;
				SWIFT_OPTIMIZATION_LEVEL = "-Onone";
			};
			name = Debug;
		};
		1FA354311EA3DCAB008C6958 /* Release */ = {
			isa = XCBuildConfiguration;
			buildSettings = {
				ALWAYS_SEARCH_USER_PATHS = NO;
				CLANG_ANALYZER_NONNULL = YES;
				CLANG_ANALYZER_NUMBER_OBJECT_CONVERSION = YES_AGGRESSIVE;
				CLANG_CXX_LANGUAGE_STANDARD = "gnu++0x";
				CLANG_CXX_LIBRARY = "libc++";
				CLANG_ENABLE_MODULES = YES;
				CLANG_ENABLE_OBJC_ARC = YES;
				CLANG_WARN_BOOL_CONVERSION = YES;
				CLANG_WARN_CONSTANT_CONVERSION = YES;
				CLANG_WARN_DIRECT_OBJC_ISA_USAGE = YES_ERROR;
				CLANG_WARN_DOCUMENTATION_COMMENTS = YES;
				CLANG_WARN_EMPTY_BODY = YES;
				CLANG_WARN_ENUM_CONVERSION = YES;
				CLANG_WARN_INFINITE_RECURSION = YES;
				CLANG_WARN_INT_CONVERSION = YES;
				CLANG_WARN_OBJC_ROOT_CLASS = YES_ERROR;
				CLANG_WARN_SUSPICIOUS_MOVE = YES;
				CLANG_WARN_UNREACHABLE_CODE = YES;
				CLANG_WARN__DUPLICATE_METHOD_MATCH = YES;
				CODE_SIGN_IDENTITY = "-";
				COPY_PHASE_STRIP = NO;
				DEBUG_INFORMATION_FORMAT = "dwarf-with-dsym";
				ENABLE_NS_ASSERTIONS = NO;
				ENABLE_STRICT_OBJC_MSGSEND = YES;
				GCC_C_LANGUAGE_STANDARD = gnu99;
				GCC_NO_COMMON_BLOCKS = YES;
				GCC_WARN_64_TO_32_BIT_CONVERSION = YES;
				GCC_WARN_ABOUT_RETURN_TYPE = YES_ERROR;
				GCC_WARN_UNDECLARED_SELECTOR = YES;
				GCC_WARN_UNINITIALIZED_AUTOS = YES_AGGRESSIVE;
				GCC_WARN_UNUSED_FUNCTION = YES;
				GCC_WARN_UNUSED_VARIABLE = YES;
				MACOSX_DEPLOYMENT_TARGET = 10.12;
				MTL_ENABLE_DEBUG_INFO = NO;
				SDKROOT = macosx;
				SWIFT_OPTIMIZATION_LEVEL = "-Owholemodule";
			};
			name = Release;
		};
		1FA354331EA3DCAB008C6958 /* Debug */ = {
			isa = XCBuildConfiguration;
			buildSettings = {
				ASSETCATALOG_COMPILER_APPICON_NAME = AppIcon;
				COMBINE_HIDPI_IMAGES = YES;
				DEVELOPMENT_TEAM = VC3N99VQDC;
				INFOPLIST_FILE = OthelloLife/Info.plist;
				LD_RUNPATH_SEARCH_PATHS = "$(inherited) @executable_path/../Frameworks";
				PRODUCT_BUNDLE_IDENTIFIER = com.hyperjeff.OthelloLife;
				PRODUCT_NAME = "$(TARGET_NAME)";
				SWIFT_VERSION = 3.0;
			};
			name = Debug;
		};
		1FA354341EA3DCAB008C6958 /* Release */ = {
			isa = XCBuildConfiguration;
			buildSettings = {
				ASSETCATALOG_COMPILER_APPICON_NAME = AppIcon;
				COMBINE_HIDPI_IMAGES = YES;
				DEVELOPMENT_TEAM = VC3N99VQDC;
				INFOPLIST_FILE = OthelloLife/Info.plist;
				LD_RUNPATH_SEARCH_PATHS = "$(inherited) @executable_path/../Frameworks";
				PRODUCT_BUNDLE_IDENTIFIER = com.hyperjeff.OthelloLife;
				PRODUCT_NAME = "$(TARGET_NAME)";
				SWIFT_VERSION = 3.0;
			};
			name = Release;
		};
/* End XCBuildConfiguration section */

/* Begin XCConfigurationList section */
		1FA3541E1EA3DCAB008C6958 /* Build configuration list for PBXProject "OthelloLife" */ = {
			isa = XCConfigurationList;
			buildConfigurations = (
				1FA354301EA3DCAB008C6958 /* Debug */,
				1FA354311EA3DCAB008C6958 /* Release */,
			);
			defaultConfigurationIsVisible = 0;
			defaultConfigurationName = Release;
		};
		1FA354321EA3DCAB008C6958 /* Build configuration list for PBXNativeTarget "OthelloLife" */ = {
			isa = XCConfigurationList;
			buildConfigurations = (
				1FA354331EA3DCAB008C6958 /* Debug */,
				1FA354341EA3DCAB008C6958 /* Release */,
			);
			defaultConfigurationIsVisible = 0;
		};
/* End XCConfigurationList section */
	};
	rootObject = 1FA3541B1EA3DCAB008C6958 /* Project object */;
}
